
Microsoft Visual Studio Solution File, Format Version 12.00
# Visual Studio 14
VisualStudioVersion = 14.0.25420.1
MinimumVisualStudioVersion = 10.0.40219.1
Project("{2150E333-8FDC-42A3-9474-1A3956D46DE8}") = "Tests", "Tests", "{3975B7B2-0D14-4244-81CD-384461F03B5F}"
EndProject
Project("{FAE04EC0-301F-11D3-BF4B-00C04F79EFBC}") = "PluralsightDownloader.Service.IntegrationTests", "PluralsightDownloader.Service.IntegrationTests\PluralsightDownloader.Service.IntegrationTests.csproj", "{E1DC25A5-8B2F-4425-ADE0-849172B49F4C}"
EndProject
Project("{FAE04EC0-301F-11D3-BF4B-00C04F79EFBC}") = "PluralsightDownloader.Service", "PluralsightDownloader.Service\PluralsightDownloader.Service.csproj", "{226A4CD4-E614-40AC-A1DD-D9048FD194FE}"
EndProject
Project("{FAE04EC0-301F-11D3-BF4B-00C04F79EFBC}") = "PluralsightDownloader.Models", "PluralsightDownloader.Models\PluralsightDownloader.Models.csproj", "{14A48440-8B89-4349-8E46-2F6005C2E475}"
EndProject
Global
	GlobalSection(SolutionConfigurationPlatforms) = preSolution
		Debug|Any CPU = Debug|Any CPU
		Release|Any CPU = Release|Any CPU
	EndGlobalSection
	GlobalSection(ProjectConfigurationPlatforms) = postSolution
		{E1DC25A5-8B2F-4425-ADE0-849172B49F4C}.Debug|Any CPU.ActiveCfg = Debug|Any CPU
		{E1DC25A5-8B2F-4425-ADE0-849172B49F4C}.Debug|Any CPU.Build.0 = Debug|Any CPU
		{E1DC25A5-8B2F-4425-ADE0-849172B49F4C}.Release|Any CPU.ActiveCfg = Release|Any CPU
		{E1DC25A5-8B2F-4425-ADE0-849172B49F4C}.Release|Any CPU.Build.0 = Release|Any CPU
		{226A4CD4-E614-40AC-A1DD-D9048FD194FE}.Debug|Any CPU.ActiveCfg = Debug|Any CPU
		{226A4CD4-E614-40AC-A1DD-D9048FD194FE}.Debug|Any CPU.Build.0 = Debug|Any CPU
		{226A4CD4-E614-40AC-A1DD-D9048FD194FE}.Release|Any CPU.ActiveCfg = Release|Any CPU
		{226A4CD4-E614-40AC-A1DD-D9048FD194FE}.Release|Any CPU.Build.0 = Release|Any CPU
		{14A48440-8B89-4349-8E46-2F6005C2E475}.Debug|Any CPU.ActiveCfg = Debug|Any CPU
		{14A48440-8B89-4349-8E46-2F6005C2E475}.Debug|Any CPU.Build.0 = Debug|Any CPU
		{14A48440-8B89-4349-8E46-2F6005C2E475}.Release|Any CPU.ActiveCfg = Release|Any CPU
		{14A48440-8B89-4349-8E46-2F6005C2E475}.Release|Any CPU.Build.0 = Release|Any CPU
	EndGlobalSection
	GlobalSection(SolutionProperties) = preSolution
		HideSolutionNode = FALSE
	EndGlobalSection
	GlobalSection(NestedProjects) = preSolution
		{E1DC25A5-8B2F-4425-ADE0-849172B49F4C} = {3975B7B2-0D14-4244-81CD-384461F03B5F}
	EndGlobalSection
EndGlobal
